
Microsoft Visual Studio Solution File, Format Version 12.00
# Visual Studio Version 17
VisualStudioVersion = 17.7.34031.279
MinimumVisualStudioVersion = 10.0.40219.1
Project("{FAE04EC0-301F-11D3-BF4B-00C04F79EFBC}") = "ArcadeLauncher", "ArcadeLauncher\ArcadeLauncher.csproj", "{BB4DB40F-FA94-4FC9-A7A7-CC63DF59D3CD}"
EndProject
Global
	GlobalSection(SolutionConfigurationPlatforms) = preSolution
		Debug|Any CPU = Debug|Any CPU
		Release|Any CPU = Release|Any CPU
	EndGlobalSection
	GlobalSection(ProjectConfigurationPlatforms) = postSolution
		{BB4DB40F-FA94-4FC9-A7A7-CC63DF59D3CD}.Debug|Any CPU.ActiveCfg = Debug|Any CPU
		{BB4DB40F-FA94-4FC9-A7A7-CC63DF59D3CD}.Debug|Any CPU.Build.0 = Debug|Any CPU
		{BB4DB40F-FA94-4FC9-A7A7-CC63DF59D3CD}.Release|Any CPU.ActiveCfg = Release|Any CPU
		{BB4DB40F-FA94-4FC9-A7A7-CC63DF59D3CD}.Release|Any CPU.Build.0 = Release|Any CPU
	EndGlobalSection
	GlobalSection(SolutionProperties) = preSolution
		HideSolutionNode = FALSE
	EndGlobalSection
	GlobalSection(ExtensibilityGlobals) = postSolution
		SolutionGuid = {5993E629-C356-414C-B730-57B5329D9177}
	EndGlobalSection
EndGlobal
